
Microsoft Visual Studio Solution File, Format Version 12.00
# Visual Studio Version 17
VisualStudioVersion = 17.0.32112.339
MinimumVisualStudioVersion = 10.0.40219.1
Project("{FAE04EC0-301F-11D3-BF4B-00C04F79EFBC}") = "CPTS321_PROJECT_2", "CPTS321_PROJECT_2\CPTS321_PROJECT_2.csproj", "{697DE881-9EB4-4283-B972-52BE9458B253}"
EndProject
Project("{2150E333-8FDC-42A3-9474-1A3956D46DE8}") = "Solution Items", "Solution Items", "{5441902C-57A0-4A10-851C-D2237DF1B12A}"
	ProjectSection(SolutionItems) = preProject
		.editorconfig = .editorconfig
	EndProjectSection
EndProject
Global
	GlobalSection(SolutionConfigurationPlatforms) = preSolution
		Debug|Any CPU = Debug|Any CPU
		Release|Any CPU = Release|Any CPU
	EndGlobalSection
	GlobalSection(ProjectConfigurationPlatforms) = postSolution
		{697DE881-9EB4-4283-B972-52BE9458B253}.Debug|Any CPU.ActiveCfg = Debug|Any CPU
		{697DE881-9EB4-4283-B972-52BE9458B253}.Debug|Any CPU.Build.0 = Debug|Any CPU
		{697DE881-9EB4-4283-B972-52BE9458B253}.Release|Any CPU.ActiveCfg = Release|Any CPU
		{697DE881-9EB4-4283-B972-52BE9458B253}.Release|Any CPU.Build.0 = Release|Any CPU
	EndGlobalSection
	GlobalSection(SolutionProperties) = preSolution
		HideSolutionNode = FALSE
	EndGlobalSection
	GlobalSection(ExtensibilityGlobals) = postSolution
		SolutionGuid = {8CB99B38-0A7B-422C-9088-63B07D8D02F1}
	EndGlobalSection
EndGlobal
